
Microsoft Visual Studio Solution File, Format Version 12.00
# Visual Studio 15
VisualStudioVersion = 15.0.28307.757
MinimumVisualStudioVersion = 10.0.40219.1
Project("{9A19103F-16F7-4668-BE54-9A1E7A4F7556}") = "UserApiReact", "UserApiReact.csproj", "{026A1972-0350-4023-A8E1-CF1FD311B1DA}"
EndProject
Global
	GlobalSection(SolutionConfigurationPlatforms) = preSolution
		Debug|Any CPU = Debug|Any CPU
		Release|Any CPU = Release|Any CPU
	EndGlobalSection
	GlobalSection(ProjectConfigurationPlatforms) = postSolution
		{026A1972-0350-4023-A8E1-CF1FD311B1DA}.Debug|Any CPU.ActiveCfg = Debug|Any CPU
		{026A1972-0350-4023-A8E1-CF1FD311B1DA}.Debug|Any CPU.Build.0 = Debug|Any CPU
		{026A1972-0350-4023-A8E1-CF1FD311B1DA}.Release|Any CPU.ActiveCfg = Release|Any CPU
		{026A1972-0350-4023-A8E1-CF1FD311B1DA}.Release|Any CPU.Build.0 = Release|Any CPU
	EndGlobalSection
	GlobalSection(SolutionProperties) = preSolution
		HideSolutionNode = FALSE
	EndGlobalSection
	GlobalSection(ExtensibilityGlobals) = postSolution
		SolutionGuid = {A5F2CAAA-8E68-4569-9138-54FF1AD5186F}
	EndGlobalSection
EndGlobal
